
Microsoft Visual Studio Solution File, Format Version 12.00
# Visual Studio 15
Project("{FAE04EC0-301F-11D3-BF4B-00C04F79EFBC}") = "Unity.XR.Interaction.Toolkit.Samples.StarterAssets", "Unity.XR.Interaction.Toolkit.Samples.StarterAssets.csproj", "{86BC3AEA-18B4-1ABF-BA47-0430BC4FEC2B}"
EndProject
Project("{FAE04EC0-301F-11D3-BF4B-00C04F79EFBC}") = "Assembly-CSharp", "Assembly-CSharp.csproj", "{1BF596D2-6B5F-AE0C-3C03-1AE1422E4997}"
EndProject
Project("{FAE04EC0-301F-11D3-BF4B-00C04F79EFBC}") = "Unity.XR.Interaction.Toolkit.Samples.StarterAssets.Editor", "Unity.XR.Interaction.Toolkit.Samples.StarterAssets.Editor.csproj", "{216F378F-8812-3D7B-B148-A77400389102}"
EndProject
Global
	GlobalSection(SolutionConfigurationPlatforms) = preSolution
		Debug|Any CPU = Debug|Any CPU
		Release|Any CPU = Release|Any CPU
	EndGlobalSection
	GlobalSection(ProjectConfigurationPlatforms) = postSolution
		{86BC3AEA-18B4-1ABF-BA47-0430BC4FEC2B}.Debug|Any CPU.ActiveCfg = Debug|Any CPU
		{86BC3AEA-18B4-1ABF-BA47-0430BC4FEC2B}.Debug|Any CPU.Build.0 = Debug|Any CPU
		{86BC3AEA-18B4-1ABF-BA47-0430BC4FEC2B}.Release|Any CPU.ActiveCfg = Release|Any CPU
		{86BC3AEA-18B4-1ABF-BA47-0430BC4FEC2B}.Release|Any CPU.Build.0 = Release|Any CPU
		{1BF596D2-6B5F-AE0C-3C03-1AE1422E4997}.Debug|Any CPU.ActiveCfg = Debug|Any CPU
		{1BF596D2-6B5F-AE0C-3C03-1AE1422E4997}.Debug|Any CPU.Build.0 = Debug|Any CPU
		{1BF596D2-6B5F-AE0C-3C03-1AE1422E4997}.Release|Any CPU.ActiveCfg = Release|Any CPU
		{1BF596D2-6B5F-AE0C-3C03-1AE1422E4997}.Release|Any CPU.Build.0 = Release|Any CPU
		{216F378F-8812-3D7B-B148-A77400389102}.Debug|Any CPU.ActiveCfg = Debug|Any CPU
		{216F378F-8812-3D7B-B148-A77400389102}.Debug|Any CPU.Build.0 = Debug|Any CPU
		{216F378F-8812-3D7B-B148-A77400389102}.Release|Any CPU.ActiveCfg = Release|Any CPU
		{216F378F-8812-3D7B-B148-A77400389102}.Release|Any CPU.Build.0 = Release|Any CPU
	EndGlobalSection
	GlobalSection(SolutionProperties) = preSolution
		HideSolutionNode = FALSE
	EndGlobalSection
EndGlobal
